// !$*UTF8*$!
{
	archiveVersion = 1;
	classes = {
	};
	objectVersion = 46;
	objects = {

/* Begin PBXBuildFile section */
		9B1B5A671CE5AB08009BB06D /* GLKit.framework in Frameworks */ = {isa = PBXBuildFile; fileRef = 9B1B5A661CE5AB08009BB06D /* GLKit.framework */; };
		9B2235741DA9E7340037E745 /* CoreTextViewController.m in Sources */ = {isa = PBXBuildFile; fileRef = 9B2235731DA9E7340037E745 /* CoreTextViewController.m */; };
		9B2235771DA9F0330037E745 /* CTDisplayView.m in Sources */ = {isa = PBXBuildFile; fileRef = 9B2235761DA9F0330037E745 /* CTDisplayView.m */; };
		9B2CB0CE1DAF414500D85818 /* DownLoadViewController.m in Sources */ = {isa = PBXBuildFile; fileRef = 9B2CB0CD1DAF414500D85818 /* DownLoadViewController.m */; };
		9B2CB0D51DAF561000D85818 /* TestViewController.m in Sources */ = {isa = PBXBuildFile; fileRef = 9B2CB0D41DAF561000D85818 /* TestViewController.m */; };
		9B2CB0D81DAF56A300D85818 /* TestString.m in Sources */ = {isa = PBXBuildFile; fileRef = 9B2CB0D71DAF56A300D85818 /* TestString.m */; };
		9B84F1741CE475D90072EF18 /* girl.png in Resources */ = {isa = PBXBuildFile; fileRef = 9B84F1731CE475D90072EF18 /* girl.png */; };
		9BA72E401CBDFA9900E3BA61 /* main.m in Sources */ = {isa = PBXBuildFile; fileRef = 9BA72E3F1CBDFA9900E3BA61 /* main.m */; };
		9BA72E431CBDFA9900E3BA61 /* AppDelegate.m in Sources */ = {isa = PBXBuildFile; fileRef = 9BA72E421CBDFA9900E3BA61 /* AppDelegate.m */; };
		9BA72E461CBDFA9900E3BA61 /* ViewController.m in Sources */ = {isa = PBXBuildFile; fileRef = 9BA72E451CBDFA9900E3BA61 /* ViewController.m */; };
		9BA72E4B1CBDFA9900E3BA61 /* Assets.xcassets in Resources */ = {isa = PBXBuildFile; fileRef = 9BA72E4A1CBDFA9900E3BA61 /* Assets.xcassets */; };
		9BA72E4E1CBDFA9900E3BA61 /* LaunchScreen.storyboard in Resources */ = {isa = PBXBuildFile; fileRef = 9BA72E4C1CBDFA9900E3BA61 /* LaunchScreen.storyboard */; };
		9BA72E731CBE225200E3BA61 /* AppCacheManager.m in Sources */ = {isa = PBXBuildFile; fileRef = 9BA72E6A1CBE225200E3BA61 /* AppCacheManager.m */; };
		9BA72E741CBE225200E3BA61 /* Untilities.m in Sources */ = {isa = PBXBuildFile; fileRef = 9BA72E6C1CBE225200E3BA61 /* Untilities.m */; };
		9BAA77471CD30421007C9ABD /* UIImage+Category.m in Sources */ = {isa = PBXBuildFile; fileRef = 9BAA77461CD30421007C9ABD /* UIImage+Category.m */; };
		9BE690BD1CBF7E4F0018A056 /* NSArray+Category.m in Sources */ = {isa = PBXBuildFile; fileRef = 9BE690AE1CBF7E4F0018A056 /* NSArray+Category.m */; };
		9BE690BE1CBF7E4F0018A056 /* NSDate+Category.m in Sources */ = {isa = PBXBuildFile; fileRef = 9BE690B01CBF7E4F0018A056 /* NSDate+Category.m */; };
		9BE690BF1CBF7E4F0018A056 /* NSDictionary+Category.m in Sources */ = {isa = PBXBuildFile; fileRef = 9BE690B21CBF7E4F0018A056 /* NSDictionary+Category.m */; };
		9BE690C01CBF7E4F0018A056 /* NSMutableArray+Category.m in Sources */ = {isa = PBXBuildFile; fileRef = 9BE690B41CBF7E4F0018A056 /* NSMutableArray+Category.m */; };
		9BE690C11CBF7E4F0018A056 /* NSString+Category.m in Sources */ = {isa = PBXBuildFile; fileRef = 9BE690B61CBF7E4F0018A056 /* NSString+Category.m */; };
		9BE690C21CBF7E4F0018A056 /* UIColor+Category.m in Sources */ = {isa = PBXBuildFile; fileRef = 9BE690B81CBF7E4F0018A056 /* UIColor+Category.m */; };
		9BE690C31CBF7E4F0018A056 /* UIView+Category.m in Sources */ = {isa = PBXBuildFile; fileRef = 9BE690BA1CBF7E4F0018A056 /* UIView+Category.m */; };
		9BE690C41CBF7E4F0018A056 /* UIViewController+Category.m in Sources */ = {isa = PBXBuildFile; fileRef = 9BE690BC1CBF7E4F0018A056 /* UIViewController+Category.m */; };
		9BFD50FF1CC638A700BD3533 /* MASCompositeConstraint.m in Sources */ = {isa = PBXBuildFile; fileRef = 9BFD50E71CC638A700BD3533 /* MASCompositeConstraint.m */; };
		9BFD51001CC638A700BD3533 /* MASConstraint.m in Sources */ = {isa = PBXBuildFile; fileRef = 9BFD50EA1CC638A700BD3533 /* MASConstraint.m */; };
		9BFD51011CC638A700BD3533 /* MASConstraintMaker.m in Sources */ = {isa = PBXBuildFile; fileRef = 9BFD50EC1CC638A700BD3533 /* MASConstraintMaker.m */; };
		9BFD51021CC638A700BD3533 /* MASLayoutConstraint.m in Sources */ = {isa = PBXBuildFile; fileRef = 9BFD50EE1CC638A700BD3533 /* MASLayoutConstraint.m */; };
		9BFD51031CC638A700BD3533 /* MASViewAttribute.m in Sources */ = {isa = PBXBuildFile; fileRef = 9BFD50F21CC638A700BD3533 /* MASViewAttribute.m */; };
		9BFD51041CC638A700BD3533 /* MASViewConstraint.m in Sources */ = {isa = PBXBuildFile; fileRef = 9BFD50F41CC638A700BD3533 /* MASViewConstraint.m */; };
		9BFD51051CC638A700BD3533 /* NSArray+MASAdditions.m in Sources */ = {isa = PBXBuildFile; fileRef = 9BFD50F61CC638A700BD3533 /* NSArray+MASAdditions.m */; };
		9BFD51061CC638A700BD3533 /* NSLayoutConstraint+MASDebugAdditions.m in Sources */ = {isa = PBXBuildFile; fileRef = 9BFD50F91CC638A700BD3533 /* NSLayoutConstraint+MASDebugAdditions.m */; };
		9BFD51071CC638A700BD3533 /* View+MASAdditions.m in Sources */ = {isa = PBXBuildFile; fileRef = 9BFD50FB1CC638A700BD3533 /* View+MASAdditions.m */; };
		9BFD51081CC638A700BD3533 /* ViewController+MASAdditions.m in Sources */ = {isa = PBXBuildFile; fileRef = 9BFD50FE1CC638A700BD3533 /* ViewController+MASAdditions.m */; };
/* End PBXBuildFile section */

/* Begin PBXFileReference section */
		9B031F141CFD904400C1A3A1 /* LogDefine.h */ = {isa = PBXFileReference; fileEncoding = 4; lastKnownFileType = sourcecode.c.h; path = LogDefine.h; sourceTree = "<group>"; };
		9B1B5A661CE5AB08009BB06D /* GLKit.framework */ = {isa = PBXFileReference; lastKnownFileType = wrapper.framework; name = GLKit.framework; path = System/Library/Frameworks/GLKit.framework; sourceTree = SDKROOT; };
		9B2235721DA9E7340037E745 /* CoreTextViewController.h */ = {isa = PBXFileReference; fileEncoding = 4; lastKnownFileType = sourcecode.c.h; path = CoreTextViewController.h; sourceTree = "<group>"; };
		9B2235731DA9E7340037E745 /* CoreTextViewController.m */ = {isa = PBXFileReference; fileEncoding = 4; lastKnownFileType = sourcecode.c.objc; path = CoreTextViewController.m; sourceTree = "<group>"; };
		9B2235751DA9F0330037E745 /* CTDisplayView.h */ = {isa = PBXFileReference; fileEncoding = 4; lastKnownFileType = sourcecode.c.h; path = CTDisplayView.h; sourceTree = "<group>"; };
		9B2235761DA9F0330037E745 /* CTDisplayView.m */ = {isa = PBXFileReference; fileEncoding = 4; lastKnownFileType = sourcecode.c.objc; path = CTDisplayView.m; sourceTree = "<group>"; };
		9B2CB0CC1DAF414500D85818 /* DownLoadViewController.h */ = {isa = PBXFileReference; fileEncoding = 4; lastKnownFileType = sourcecode.c.h; path = DownLoadViewController.h; sourceTree = "<group>"; };
		9B2CB0CD1DAF414500D85818 /* DownLoadViewController.m */ = {isa = PBXFileReference; fileEncoding = 4; lastKnownFileType = sourcecode.c.objc; path = DownLoadViewController.m; sourceTree = "<group>"; };
		9B2CB0D31DAF561000D85818 /* TestViewController.h */ = {isa = PBXFileReference; fileEncoding = 4; lastKnownFileType = sourcecode.c.h; path = TestViewController.h; sourceTree = "<group>"; };
		9B2CB0D41DAF561000D85818 /* TestViewController.m */ = {isa = PBXFileReference; fileEncoding = 4; lastKnownFileType = sourcecode.c.objc; path = TestViewController.m; sourceTree = "<group>"; };
		9B2CB0D61DAF56A300D85818 /* TestString.h */ = {isa = PBXFileReference; fileEncoding = 4; lastKnownFileType = sourcecode.c.h; path = TestString.h; sourceTree = "<group>"; };
		9B2CB0D71DAF56A300D85818 /* TestString.m */ = {isa = PBXFileReference; fileEncoding = 4; lastKnownFileType = sourcecode.c.objc; path = TestString.m; sourceTree = "<group>"; };
		9B84F1731CE475D90072EF18 /* girl.png */ = {isa = PBXFileReference; lastKnownFileType = image.png; path = girl.png; sourceTree = "<group>"; };
		9BA72E3B1CBDFA9900E3BA61 /* base.app */ = {isa = PBXFileReference; explicitFileType = wrapper.application; includeInIndex = 0; path = base.app; sourceTree = BUILT_PRODUCTS_DIR; };
		9BA72E3F1CBDFA9900E3BA61 /* main.m */ = {isa = PBXFileReference; lastKnownFileType = sourcecode.c.objc; path = main.m; sourceTree = "<group>"; };
		9BA72E411CBDFA9900E3BA61 /* AppDelegate.h */ = {isa = PBXFileReference; lastKnownFileType = sourcecode.c.h; path = AppDelegate.h; sourceTree = "<group>"; };
		9BA72E421CBDFA9900E3BA61 /* AppDelegate.m */ = {isa = PBXFileReference; lastKnownFileType = sourcecode.c.objc; path = AppDelegate.m; sourceTree = "<group>"; };
		9BA72E441CBDFA9900E3BA61 /* ViewController.h */ = {isa = PBXFileReference; lastKnownFileType = sourcecode.c.h; path = ViewController.h; sourceTree = "<group>"; };
		9BA72E451CBDFA9900E3BA61 /* ViewController.m */ = {isa = PBXFileReference; lastKnownFileType = sourcecode.c.objc; path = ViewController.m; sourceTree = "<group>"; };
		9BA72E4A1CBDFA9900E3BA61 /* Assets.xcassets */ = {isa = PBXFileReference; lastKnownFileType = folder.assetcatalog; path = Assets.xcassets; sourceTree = "<group>"; };
		9BA72E4D1CBDFA9900E3BA61 /* Base */ = {isa = PBXFileReference; lastKnownFileType = file.storyboard; name = Base; path = Base.lproj/LaunchScreen.storyboard; sourceTree = "<group>"; };
		9BA72E4F1CBDFA9900E3BA61 /* Info.plist */ = {isa = PBXFileReference; lastKnownFileType = text.plist.xml; path = Info.plist; sourceTree = "<group>"; };
		9BA72E691CBE225200E3BA61 /* AppCacheManager.h */ = {isa = PBXFileReference; fileEncoding = 4; lastKnownFileType = sourcecode.c.h; path = AppCacheManager.h; sourceTree = "<group>"; };
		9BA72E6A1CBE225200E3BA61 /* AppCacheManager.m */ = {isa = PBXFileReference; fileEncoding = 4; lastKnownFileType = sourcecode.c.objc; path = AppCacheManager.m; sourceTree = "<group>"; };
		9BA72E6B1CBE225200E3BA61 /* Untilities.h */ = {isa = PBXFileReference; fileEncoding = 4; lastKnownFileType = sourcecode.c.h; path = Untilities.h; sourceTree = "<group>"; };
		9BA72E6C1CBE225200E3BA61 /* Untilities.m */ = {isa = PBXFileReference; fileEncoding = 4; lastKnownFileType = sourcecode.c.objc; path = Untilities.m; sourceTree = "<group>"; };
		9BA72E751CBE229900E3BA61 /* PrefixHeader.pch */ = {isa = PBXFileReference; lastKnownFileType = sourcecode.c.h; name = PrefixHeader.pch; path = ../PrefixHeader.pch; sourceTree = "<group>"; };
		9BAA77451CD30421007C9ABD /* UIImage+Category.h */ = {isa = PBXFileReference; fileEncoding = 4; lastKnownFileType = sourcecode.c.h; path = "UIImage+Category.h"; sourceTree = "<group>"; };
		9BAA77461CD30421007C9ABD /* UIImage+Category.m */ = {isa = PBXFileReference; fileEncoding = 4; lastKnownFileType = sourcecode.c.objc; path = "UIImage+Category.m"; sourceTree = "<group>"; };
		9BE690AC1CBF7E4F0018A056 /* Categories.h */ = {isa = PBXFileReference; fileEncoding = 4; lastKnownFileType = sourcecode.c.h; path = Categories.h; sourceTree = "<group>"; };
		9BE690AD1CBF7E4F0018A056 /* NSArray+Category.h */ = {isa = PBXFileReference; fileEncoding = 4; lastKnownFileType = sourcecode.c.h; path = "NSArray+Category.h"; sourceTree = "<group>"; };
		9BE690AE1CBF7E4F0018A056 /* NSArray+Category.m */ = {isa = PBXFileReference; fileEncoding = 4; lastKnownFileType = sourcecode.c.objc; path = "NSArray+Category.m"; sourceTree = "<group>"; };
		9BE690AF1CBF7E4F0018A056 /* NSDate+Category.h */ = {isa = PBXFileReference; fileEncoding = 4; lastKnownFileType = sourcecode.c.h; path = "NSDate+Category.h"; sourceTree = "<group>"; };
		9BE690B01CBF7E4F0018A056 /* NSDate+Category.m */ = {isa = PBXFileReference; fileEncoding = 4; lastKnownFileType = sourcecode.c.objc; path = "NSDate+Category.m"; sourceTree = "<group>"; };
		9BE690B11CBF7E4F0018A056 /* NSDictionary+Category.h */ = {isa = PBXFileReference; fileEncoding = 4; lastKnownFileType = sourcecode.c.h; path = "NSDictionary+Category.h"; sourceTree = "<group>"; };
		9BE690B21CBF7E4F0018A056 /* NSDictionary+Category.m */ = {isa = PBXFileReference; fileEncoding = 4; lastKnownFileType = sourcecode.c.objc; path = "NSDictionary+Category.m"; sourceTree = "<group>"; };
		9BE690B31CBF7E4F0018A056 /* NSMutableArray+Category.h */ = {isa = PBXFileReference; fileEncoding = 4; lastKnownFileType = sourcecode.c.h; path = "NSMutableArray+Category.h"; sourceTree = "<group>"; };
		9BE690B41CBF7E4F0018A056 /* NSMutableArray+Category.m */ = {isa = PBXFileReference; fileEncoding = 4; lastKnownFileType = sourcecode.c.objc; path = "NSMutableArray+Category.m"; sourceTree = "<group>"; };
		9BE690B51CBF7E4F0018A056 /* NSString+Category.h */ = {isa = PBXFileReference; fileEncoding = 4; lastKnownFileType = sourcecode.c.h; path = "NSString+Category.h"; sourceTree = "<group>"; };
		9BE690B61CBF7E4F0018A056 /* NSString+Category.m */ = {isa = PBXFileReference; fileEncoding = 4; lastKnownFileType = sourcecode.c.objc; path = "NSString+Category.m"; sourceTree = "<group>"; };
		9BE690B71CBF7E4F0018A056 /* UIColor+Category.h */ = {isa = PBXFileReference; fileEncoding = 4; lastKnownFileType = sourcecode.c.h; path = "UIColor+Category.h"; sourceTree = "<group>"; };
		9BE690B81CBF7E4F0018A056 /* UIColor+Category.m */ = {isa = PBXFileReference; fileEncoding = 4; lastKnownFileType = sourcecode.c.objc; path = "UIColor+Category.m"; sourceTree = "<group>"; };
		9BE690B91CBF7E4F0018A056 /* UIView+Category.h */ = {isa = PBXFileReference; fileEncoding = 4; lastKnownFileType = sourcecode.c.h; path = "UIView+Category.h"; sourceTree = "<group>"; };
		9BE690BA1CBF7E4F0018A056 /* UIView+Category.m */ = {isa = PBXFileReference; fileEncoding = 4; lastKnownFileType = sourcecode.c.objc; path = "UIView+Category.m"; sourceTree = "<group>"; };
		9BE690BB1CBF7E4F0018A056 /* UIViewController+Category.h */ = {isa = PBXFileReference; fileEncoding = 4; lastKnownFileType = sourcecode.c.h; path = "UIViewController+Category.h"; sourceTree = "<group>"; };
		9BE690BC1CBF7E4F0018A056 /* UIViewController+Category.m */ = {isa = PBXFileReference; fileEncoding = 4; lastKnownFileType = sourcecode.c.objc; path = "UIViewController+Category.m"; sourceTree = "<group>"; };
		9BFD50E61CC638A700BD3533 /* MASCompositeConstraint.h */ = {isa = PBXFileReference; fileEncoding = 4; lastKnownFileType = sourcecode.c.h; path = MASCompositeConstraint.h; sourceTree = "<group>"; };
		9BFD50E71CC638A700BD3533 /* MASCompositeConstraint.m */ = {isa = PBXFileReference; fileEncoding = 4; lastKnownFileType = sourcecode.c.objc; path = MASCompositeConstraint.m; sourceTree = "<group>"; };
		9BFD50E81CC638A700BD3533 /* MASConstraint+Private.h */ = {isa = PBXFileReference; fileEncoding = 4; lastKnownFileType = sourcecode.c.h; path = "MASConstraint+Private.h"; sourceTree = "<group>"; };
		9BFD50E91CC638A700BD3533 /* MASConstraint.h */ = {isa = PBXFileReference; fileEncoding = 4; lastKnownFileType = sourcecode.c.h; path = MASConstraint.h; sourceTree = "<group>"; };
		9BFD50EA1CC638A700BD3533 /* MASConstraint.m */ = {isa = PBXFileReference; fileEncoding = 4; lastKnownFileType = sourcecode.c.objc; path = MASConstraint.m; sourceTree = "<group>"; };
		9BFD50EB1CC638A700BD3533 /* MASConstraintMaker.h */ = {isa = PBXFileReference; fileEncoding = 4; lastKnownFileType = sourcecode.c.h; path = MASConstraintMaker.h; sourceTree = "<group>"; };
		9BFD50EC1CC638A700BD3533 /* MASConstraintMaker.m */ = {isa = PBXFileReference; fileEncoding = 4; lastKnownFileType = sourcecode.c.objc; path = MASConstraintMaker.m; sourceTree = "<group>"; };
		9BFD50ED1CC638A700BD3533 /* MASLayoutConstraint.h */ = {isa = PBXFileReference; fileEncoding = 4; lastKnownFileType = sourcecode.c.h; path = MASLayoutConstraint.h; sourceTree = "<group>"; };
		9BFD50EE1CC638A700BD3533 /* MASLayoutConstraint.m */ = {isa = PBXFileReference; fileEncoding = 4; lastKnownFileType = sourcecode.c.objc; path = MASLayoutConstraint.m; sourceTree = "<group>"; };
		9BFD50EF1CC638A700BD3533 /* Masonry.h */ = {isa = PBXFileReference; fileEncoding = 4; lastKnownFileType = sourcecode.c.h; path = Masonry.h; sourceTree = "<group>"; };
		9BFD50F01CC638A700BD3533 /* MASUtilities.h */ = {isa = PBXFileReference; fileEncoding = 4; lastKnownFileType = sourcecode.c.h; path = MASUtilities.h; sourceTree = "<group>"; };
		9BFD50F11CC638A700BD3533 /* MASViewAttribute.h */ = {isa = PBXFileReference; fileEncoding = 4; lastKnownFileType = sourcecode.c.h; path = MASViewAttribute.h; sourceTree = "<group>"; };
		9BFD50F21CC638A700BD3533 /* MASViewAttribute.m */ = {isa = PBXFileReference; fileEncoding = 4; lastKnownFileType = sourcecode.c.objc; path = MASViewAttribute.m; sourceTree = "<group>"; };
		9BFD50F31CC638A700BD3533 /* MASViewConstraint.h */ = {isa = PBXFileReference; fileEncoding = 4; lastKnownFileType = sourcecode.c.h; path = MASViewConstraint.h; sourceTree = "<group>"; };
		9BFD50F41CC638A700BD3533 /* MASViewConstraint.m */ = {isa = PBXFileReference; fileEncoding = 4; lastKnownFileType = sourcecode.c.objc; path = MASViewConstraint.m; sourceTree = "<group>"; };
		9BFD50F51CC638A700BD3533 /* NSArray+MASAdditions.h */ = {isa = PBXFileReference; fileEncoding = 4; lastKnownFileType = sourcecode.c.h; path = "NSArray+MASAdditions.h"; sourceTree = "<group>"; };
		9BFD50F61CC638A700BD3533 /* NSArray+MASAdditions.m */ = {isa = PBXFileReference; fileEncoding = 4; lastKnownFileType = sourcecode.c.objc; path = "NSArray+MASAdditions.m"; sourceTree = "<group>"; };
		9BFD50F71CC638A700BD3533 /* NSArray+MASShorthandAdditions.h */ = {isa = PBXFileReference; fileEncoding = 4; lastKnownFileType = sourcecode.c.h; path = "NSArray+MASShorthandAdditions.h"; sourceTree = "<group>"; };
		9BFD50F81CC638A700BD3533 /* NSLayoutConstraint+MASDebugAdditions.h */ = {isa = PBXFileReference; fileEncoding = 4; lastKnownFileType = sourcecode.c.h; path = "NSLayoutConstraint+MASDebugAdditions.h"; sourceTree = "<group>"; };
		9BFD50F91CC638A700BD3533 /* NSLayoutConstraint+MASDebugAdditions.m */ = {isa = PBXFileReference; fileEncoding = 4; lastKnownFileType = sourcecode.c.objc; path = "NSLayoutConstraint+MASDebugAdditions.m"; sourceTree = "<group>"; };
		9BFD50FA1CC638A700BD3533 /* View+MASAdditions.h */ = {isa = PBXFileReference; fileEncoding = 4; lastKnownFileType = sourcecode.c.h; path = "View+MASAdditions.h"; sourceTree = "<group>"; };
		9BFD50FB1CC638A700BD3533 /* View+MASAdditions.m */ = {isa = PBXFileReference; fileEncoding = 4; lastKnownFileType = sourcecode.c.objc; path = "View+MASAdditions.m"; sourceTree = "<group>"; };
		9BFD50FC1CC638A700BD3533 /* View+MASShorthandAdditions.h */ = {isa = PBXFileReference; fileEncoding = 4; lastKnownFileType = sourcecode.c.h; path = "View+MASShorthandAdditions.h"; sourceTree = "<group>"; };
		9BFD50FD1CC638A700BD3533 /* ViewController+MASAdditions.h */ = {isa = PBXFileReference; fileEncoding = 4; lastKnownFileType = sourcecode.c.h; path = "ViewController+MASAdditions.h"; sourceTree = "<group>"; };
		9BFD50FE1CC638A700BD3533 /* ViewController+MASAdditions.m */ = {isa = PBXFileReference; fileEncoding = 4; lastKnownFileType = sourcecode.c.objc; path = "ViewController+MASAdditions.m"; sourceTree = "<group>"; };
/* End PBXFileReference section */

/* Begin PBXFrameworksBuildPhase section */
		9BA72E381CBDFA9900E3BA61 /* Frameworks */ = {
			isa = PBXFrameworksBuildPhase;
			buildActionMask = 2147483647;
			files = (
				9B1B5A671CE5AB08009BB06D /* GLKit.framework in Frameworks */,
			);
			runOnlyForDeploymentPostprocessing = 0;
		};
/* End PBXFrameworksBuildPhase section */

/* Begin PBXGroup section */
		9B031F131CFD901B00C1A3A1 /* define */ = {
			isa = PBXGroup;
			children = (
				9B031F141CFD904400C1A3A1 /* LogDefine.h */,
			);
			path = define;
			sourceTree = "<group>";
		};
		9B2235711DA9E7060037E745 /* coreText */ = {
			isa = PBXGroup;
			children = (
				9B2235721DA9E7340037E745 /* CoreTextViewController.h */,
				9B2235731DA9E7340037E745 /* CoreTextViewController.m */,
				9B2235751DA9F0330037E745 /* CTDisplayView.h */,
				9B2235761DA9F0330037E745 /* CTDisplayView.m */,
			);
			path = coreText;
			sourceTree = "<group>";
		};
		9B2CB0CB1DAF412200D85818 /* download */ = {
			isa = PBXGroup;
			children = (
				9B2CB0CC1DAF414500D85818 /* DownLoadViewController.h */,
				9B2CB0CD1DAF414500D85818 /* DownLoadViewController.m */,
			);
			path = download;
			sourceTree = "<group>";
		};
		9B2CB0D21DAF55FC00D85818 /* test */ = {
			isa = PBXGroup;
			children = (
				9B2CB0D31DAF561000D85818 /* TestViewController.h */,
				9B2CB0D41DAF561000D85818 /* TestViewController.m */,
				9B2CB0D61DAF56A300D85818 /* TestString.h */,
				9B2CB0D71DAF56A300D85818 /* TestString.m */,
			);
			path = test;
			sourceTree = "<group>";
		};
		9BA72E321CBDFA9900E3BA61 = {
			isa = PBXGroup;
			children = (
				9B1B5A661CE5AB08009BB06D /* GLKit.framework */,
				9BA72E3D1CBDFA9900E3BA61 /* base */,
				9BA72E3C1CBDFA9900E3BA61 /* Products */,
			);
			sourceTree = "<group>";
		};
		9BA72E3C1CBDFA9900E3BA61 /* Products */ = {
			isa = PBXGroup;
			children = (
				9BA72E3B1CBDFA9900E3BA61 /* base.app */,
			);
			name = Products;
			sourceTree = "<group>";
		};
		9BA72E3D1CBDFA9900E3BA61 /* base */ = {
			isa = PBXGroup;
			children = (
				9B2CB0D21DAF55FC00D85818 /* test */,
				9B2CB0CB1DAF412200D85818 /* download */,
				9B2235711DA9E7060037E745 /* coreText */,
				9BFD50E41CC6389A00BD3533 /* library */,
				9BA72E591CBE225200E3BA61 /* main */,
				9BA72E411CBDFA9900E3BA61 /* AppDelegate.h */,
				9BA72E421CBDFA9900E3BA61 /* AppDelegate.m */,
				9BA72E441CBDFA9900E3BA61 /* ViewController.h */,
				9BA72E451CBDFA9900E3BA61 /* ViewController.m */,
				9BA72E4A1CBDFA9900E3BA61 /* Assets.xcassets */,
				9BA72E4C1CBDFA9900E3BA61 /* LaunchScreen.storyboard */,
				9BA72E4F1CBDFA9900E3BA61 /* Info.plist */,
				9BA72E3E1CBDFA9900E3BA61 /* Supporting Files */,
			);
			path = base;
			sourceTree = "<group>";
		};
		9BA72E3E1CBDFA9900E3BA61 /* Supporting Files */ = {
			isa = PBXGroup;
			children = (
				9B84F1731CE475D90072EF18 /* girl.png */,
				9BA72E3F1CBDFA9900E3BA61 /* main.m */,
			);
			name = "Supporting Files";
			sourceTree = "<group>";
		};
		9BA72E591CBE225200E3BA61 /* main */ = {
			isa = PBXGroup;
			children = (
				9B031F131CFD901B00C1A3A1 /* define */,
				9BE690AB1CBF7E4F0018A056 /* category */,
				9BA72E751CBE229900E3BA61 /* PrefixHeader.pch */,
				9BA72E681CBE225200E3BA61 /* Untilities */,
			);
			path = main;
			sourceTree = "<group>";
		};
		9BA72E681CBE225200E3BA61 /* Untilities */ = {
			isa = PBXGroup;
			children = (
				9BA72E691CBE225200E3BA61 /* AppCacheManager.h */,
				9BA72E6A1CBE225200E3BA61 /* AppCacheManager.m */,
				9BA72E6B1CBE225200E3BA61 /* Untilities.h */,
				9BA72E6C1CBE225200E3BA61 /* Untilities.m */,
			);
			path = Untilities;
			sourceTree = "<group>";
		};
		9BE690AB1CBF7E4F0018A056 /* category */ = {
			isa = PBXGroup;
			children = (
				9BE690AC1CBF7E4F0018A056 /* Categories.h */,
				9BE690AD1CBF7E4F0018A056 /* NSArray+Category.h */,
				9BE690AE1CBF7E4F0018A056 /* NSArray+Category.m */,
				9BE690AF1CBF7E4F0018A056 /* NSDate+Category.h */,
				9BE690B01CBF7E4F0018A056 /* NSDate+Category.m */,
				9BE690B11CBF7E4F0018A056 /* NSDictionary+Category.h */,
				9BE690B21CBF7E4F0018A056 /* NSDictionary+Category.m */,
				9BE690B31CBF7E4F0018A056 /* NSMutableArray+Category.h */,
				9BE690B41CBF7E4F0018A056 /* NSMutableArray+Category.m */,
				9BE690B51CBF7E4F0018A056 /* NSString+Category.h */,
				9BE690B61CBF7E4F0018A056 /* NSString+Category.m */,
				9BE690B71CBF7E4F0018A056 /* UIColor+Category.h */,
				9BE690B81CBF7E4F0018A056 /* UIColor+Category.m */,
				9BE690B91CBF7E4F0018A056 /* UIView+Category.h */,
				9BE690BA1CBF7E4F0018A056 /* UIView+Category.m */,
				9BE690BB1CBF7E4F0018A056 /* UIViewController+Category.h */,
				9BE690BC1CBF7E4F0018A056 /* UIViewController+Category.m */,
				9BAA77451CD30421007C9ABD /* UIImage+Category.h */,
				9BAA77461CD30421007C9ABD /* UIImage+Category.m */,
			);
			path = category;
			sourceTree = "<group>";
		};
		9BFD50E41CC6389A00BD3533 /* library */ = {
			isa = PBXGroup;
			children = (
				9BFD50E51CC638A700BD3533 /* Masonry */,
			);
			path = library;
			sourceTree = "<group>";
		};
		9BFD50E51CC638A700BD3533 /* Masonry */ = {
			isa = PBXGroup;
			children = (
				9BFD50E61CC638A700BD3533 /* MASCompositeConstraint.h */,
				9BFD50E71CC638A700BD3533 /* MASCompositeConstraint.m */,
				9BFD50E81CC638A700BD3533 /* MASConstraint+Private.h */,
				9BFD50E91CC638A700BD3533 /* MASConstraint.h */,
				9BFD50EA1CC638A700BD3533 /* MASConstraint.m */,
				9BFD50EB1CC638A700BD3533 /* MASConstraintMaker.h */,
				9BFD50EC1CC638A700BD3533 /* MASConstraintMaker.m */,
				9BFD50ED1CC638A700BD3533 /* MASLayoutConstraint.h */,
				9BFD50EE1CC638A700BD3533 /* MASLayoutConstraint.m */,
				9BFD50EF1CC638A700BD3533 /* Masonry.h */,
				9BFD50F01CC638A700BD3533 /* MASUtilities.h */,
				9BFD50F11CC638A700BD3533 /* MASViewAttribute.h */,
				9BFD50F21CC638A700BD3533 /* MASViewAttribute.m */,
				9BFD50F31CC638A700BD3533 /* MASViewConstraint.h */,
				9BFD50F41CC638A700BD3533 /* MASViewConstraint.m */,
				9BFD50F51CC638A700BD3533 /* NSArray+MASAdditions.h */,
				9BFD50F61CC638A700BD3533 /* NSArray+MASAdditions.m */,
				9BFD50F71CC638A700BD3533 /* NSArray+MASShorthandAdditions.h */,
				9BFD50F81CC638A700BD3533 /* NSLayoutConstraint+MASDebugAdditions.h */,
				9BFD50F91CC638A700BD3533 /* NSLayoutConstraint+MASDebugAdditions.m */,
				9BFD50FA1CC638A700BD3533 /* View+MASAdditions.h */,
				9BFD50FB1CC638A700BD3533 /* View+MASAdditions.m */,
				9BFD50FC1CC638A700BD3533 /* View+MASShorthandAdditions.h */,
				9BFD50FD1CC638A700BD3533 /* ViewController+MASAdditions.h */,
				9BFD50FE1CC638A700BD3533 /* ViewController+MASAdditions.m */,
			);
			path = Masonry;
			sourceTree = "<group>";
		};
/* End PBXGroup section */

/* Begin PBXNativeTarget section */
		9BA72E3A1CBDFA9900E3BA61 /* base */ = {
			isa = PBXNativeTarget;
			buildConfigurationList = 9BA72E521CBDFA9900E3BA61 /* Build configuration list for PBXNativeTarget "base" */;
			buildPhases = (
				9BA72E371CBDFA9900E3BA61 /* Sources */,
				9BA72E381CBDFA9900E3BA61 /* Frameworks */,
				9BA72E391CBDFA9900E3BA61 /* Resources */,
			);
			buildRules = (
			);
			dependencies = (
			);
			name = base;
			productName = base;
			productReference = 9BA72E3B1CBDFA9900E3BA61 /* base.app */;
			productType = "com.apple.product-type.application";
		};
/* End PBXNativeTarget section */

/* Begin PBXProject section */
		9BA72E331CBDFA9900E3BA61 /* Project object */ = {
			isa = PBXProject;
			attributes = {
				LastUpgradeCheck = 0730;
				ORGANIZATIONNAME = syf;
				TargetAttributes = {
					9BA72E3A1CBDFA9900E3BA61 = {
						CreatedOnToolsVersion = 7.3;
					};
				};
			};
			buildConfigurationList = 9BA72E361CBDFA9900E3BA61 /* Build configuration list for PBXProject "base" */;
			compatibilityVersion = "Xcode 3.2";
			developmentRegion = English;
			hasScannedForEncodings = 0;
			knownRegions = (
				en,
				Base,
			);
			mainGroup = 9BA72E321CBDFA9900E3BA61;
			productRefGroup = 9BA72E3C1CBDFA9900E3BA61 /* Products */;
			projectDirPath = "";
			projectRoot = "";
			targets = (
				9BA72E3A1CBDFA9900E3BA61 /* base */,
			);
		};
/* End PBXProject section */

/* Begin PBXResourcesBuildPhase section */
		9BA72E391CBDFA9900E3BA61 /* Resources */ = {
			isa = PBXResourcesBuildPhase;
			buildActionMask = 2147483647;
			files = (
				9BA72E4E1CBDFA9900E3BA61 /* LaunchScreen.storyboard in Resources */,
				9B84F1741CE475D90072EF18 /* girl.png in Resources */,
				9BA72E4B1CBDFA9900E3BA61 /* Assets.xcassets in Resources */,
			);
			runOnlyForDeploymentPostprocessing = 0;
		};
/* End PBXResourcesBuildPhase section */

/* Begin PBXSourcesBuildPhase section */
		9BA72E371CBDFA9900E3BA61 /* Sources */ = {
			isa = PBXSourcesBuildPhase;
			buildActionMask = 2147483647;
			files = (
				9BE690C01CBF7E4F0018A056 /* NSMutableArray+Category.m in Sources */,
				9BA72E731CBE225200E3BA61 /* AppCacheManager.m in Sources */,
				9B2CB0D51DAF561000D85818 /* TestViewController.m in Sources */,
				9BFD51061CC638A700BD3533 /* NSLayoutConstraint+MASDebugAdditions.m in Sources */,
				9BA72E741CBE225200E3BA61 /* Untilities.m in Sources */,
				9BFD51041CC638A700BD3533 /* MASViewConstraint.m in Sources */,
				9BE690C11CBF7E4F0018A056 /* NSString+Category.m in Sources */,
				9BFD51071CC638A700BD3533 /* View+MASAdditions.m in Sources */,
				9BE690BF1CBF7E4F0018A056 /* NSDictionary+Category.m in Sources */,
				9BFD51031CC638A700BD3533 /* MASViewAttribute.m in Sources */,
				9BFD51011CC638A700BD3533 /* MASConstraintMaker.m in Sources */,
				9BE690BE1CBF7E4F0018A056 /* NSDate+Category.m in Sources */,
				9BA72E461CBDFA9900E3BA61 /* ViewController.m in Sources */,
				9BA72E431CBDFA9900E3BA61 /* AppDelegate.m in Sources */,
				9BFD51081CC638A700BD3533 /* ViewController+MASAdditions.m in Sources */,
				9BE690BD1CBF7E4F0018A056 /* NSArray+Category.m in Sources */,
				9BFD51051CC638A700BD3533 /* NSArray+MASAdditions.m in Sources */,
				9BA72E401CBDFA9900E3BA61 /* main.m in Sources */,
				9BFD51021CC638A700BD3533 /* MASLayoutConstraint.m in Sources */,
				9B2CB0D81DAF56A300D85818 /* TestString.m in Sources */,
				9B2235771DA9F0330037E745 /* CTDisplayView.m in Sources */,
				9BFD50FF1CC638A700BD3533 /* MASCompositeConstraint.m in Sources */,
				9BE690C41CBF7E4F0018A056 /* UIViewController+Category.m in Sources */,
				9B2235741DA9E7340037E745 /* CoreTextViewController.m in Sources */,
				9B2CB0CE1DAF414500D85818 /* DownLoadViewController.m in Sources */,
				9BE690C31CBF7E4F0018A056 /* UIView+Category.m in Sources */,
				9BE690C21CBF7E4F0018A056 /* UIColor+Category.m in Sources */,
				9BFD51001CC638A700BD3533 /* MASConstraint.m in Sources */,
				9BAA77471CD30421007C9ABD /* UIImage+Category.m in Sources */,
			);
			runOnlyForDeploymentPostprocessing = 0;
		};
/* End PBXSourcesBuildPhase section */

/* Begin PBXVariantGroup section */
		9BA72E4C1CBDFA9900E3BA61 /* LaunchScreen.storyboard */ = {
			isa = PBXVariantGroup;
			children = (
				9BA72E4D1CBDFA9900E3BA61 /* Base */,
			);
			name = LaunchScreen.storyboard;
			sourceTree = "<group>";
		};
/* End PBXVariantGroup section */

/* Begin XCBuildConfiguration section */
		9BA72E501CBDFA9900E3BA61 /* Debug */ = {
			isa = XCBuildConfiguration;
			buildSettings = {
				ALWAYS_SEARCH_USER_PATHS = NO;
				CLANG_ANALYZER_NONNULL = YES;
				CLANG_CXX_LANGUAGE_STANDARD = "gnu++0x";
				CLANG_CXX_LIBRARY = "libc++";
				CLANG_ENABLE_MODULES = YES;
				CLANG_ENABLE_OBJC_ARC = YES;
				CLANG_WARN_BOOL_CONVERSION = YES;
				CLANG_WARN_CONSTANT_CONVERSION = YES;
				CLANG_WARN_DIRECT_OBJC_ISA_USAGE = YES_ERROR;
				CLANG_WARN_EMPTY_BODY = YES;
				CLANG_WARN_ENUM_CONVERSION = YES;
				CLANG_WARN_INT_CONVERSION = YES;
				CLANG_WARN_OBJC_ROOT_CLASS = YES_ERROR;
				CLANG_WARN_UNREACHABLE_CODE = YES;
				CLANG_WARN__DUPLICATE_METHOD_MATCH = YES;
				"CODE_SIGN_IDENTITY[sdk=iphoneos*]" = "iPhone Developer";
				COPY_PHASE_STRIP = NO;
				DEBUG_INFORMATION_FORMAT = dwarf;
				ENABLE_STRICT_OBJC_MSGSEND = YES;
				ENABLE_TESTABILITY = YES;
				GCC_C_LANGUAGE_STANDARD = gnu99;
				GCC_DYNAMIC_NO_PIC = NO;
				GCC_NO_COMMON_BLOCKS = YES;
				GCC_OPTIMIZATION_LEVEL = 0;
				GCC_PREPROCESSOR_DEFINITIONS = (
					"DEBUG=1",
					"$(inherited)",
				);
				GCC_WARN_64_TO_32_BIT_CONVERSION = YES;
				GCC_WARN_ABOUT_RETURN_TYPE = YES_ERROR;
				GCC_WARN_UNDECLARED_SELECTOR = YES;
				GCC_WARN_UNINITIALIZED_AUTOS = YES_AGGRESSIVE;
				GCC_WARN_UNUSED_FUNCTION = YES;
				GCC_WARN_UNUSED_VARIABLE = YES;
				IPHONEOS_DEPLOYMENT_TARGET = 9.3;
				MTL_ENABLE_DEBUG_INFO = YES;
				ONLY_ACTIVE_ARCH = YES;
				SDKROOT = iphoneos;
			};
			name = Debug;
		};
		9BA72E511CBDFA9900E3BA61 /* Release */ = {
			isa = XCBuildConfiguration;
			buildSettings = {
				ALWAYS_SEARCH_USER_PATHS = NO;
				CLANG_ANALYZER_NONNULL = YES;
				CLANG_CXX_LANGUAGE_STANDARD = "gnu++0x";
				CLANG_CXX_LIBRARY = "libc++";
				CLANG_ENABLE_MODULES = YES;
				CLANG_ENABLE_OBJC_ARC = YES;
				CLANG_WARN_BOOL_CONVERSION = YES;
				CLANG_WARN_CONSTANT_CONVERSION = YES;
				CLANG_WARN_DIRECT_OBJC_ISA_USAGE = YES_ERROR;
				CLANG_WARN_EMPTY_BODY = YES;
				CLANG_WARN_ENUM_CONVERSION = YES;
				CLANG_WARN_INT_CONVERSION = YES;
				CLANG_WARN_OBJC_ROOT_CLASS = YES_ERROR;
				CLANG_WARN_UNREACHABLE_CODE = YES;
				CLANG_WARN__DUPLICATE_METHOD_MATCH = YES;
				"CODE_SIGN_IDENTITY[sdk=iphoneos*]" = "iPhone Developer";
				COPY_PHASE_STRIP = NO;
				DEBUG_INFORMATION_FORMAT = "dwarf-with-dsym";
				ENABLE_NS_ASSERTIONS = NO;
				ENABLE_STRICT_OBJC_MSGSEND = YES;
				GCC_C_LANGUAGE_STANDARD = gnu99;
				GCC_NO_COMMON_BLOCKS = YES;
				GCC_WARN_64_TO_32_BIT_CONVERSION = YES;
				GCC_WARN_ABOUT_RETURN_TYPE = YES_ERROR;
				GCC_WARN_UNDECLARED_SELECTOR = YES;
				GCC_WARN_UNINITIALIZED_AUTOS = YES_AGGRESSIVE;
				GCC_WARN_UNUSED_FUNCTION = YES;
				GCC_WARN_UNUSED_VARIABLE = YES;
				IPHONEOS_DEPLOYMENT_TARGET = 9.3;
				MTL_ENABLE_DEBUG_INFO = NO;
				SDKROOT = iphoneos;
				VALIDATE_PRODUCT = YES;
			};
			name = Release;
		};
		9BA72E531CBDFA9900E3BA61 /* Debug */ = {
			isa = XCBuildConfiguration;
			buildSettings = {
				ASSETCATALOG_COMPILER_APPICON_NAME = AppIcon;
				GCC_PREFIX_HEADER = base/PrefixHeader.pch;
				INFOPLIST_FILE = base/Info.plist;
				IPHONEOS_DEPLOYMENT_TARGET = 8.0;
				LD_RUNPATH_SEARCH_PATHS = "$(inherited) @executable_path/Frameworks";
				PRODUCT_BUNDLE_IDENTIFIER = cn.chuangshi.base;
				PRODUCT_NAME = "$(TARGET_NAME)";
			};
			name = Debug;
		};
		9BA72E541CBDFA9900E3BA61 /* Release */ = {
			isa = XCBuildConfiguration;
			buildSettings = {
				ASSETCATALOG_COMPILER_APPICON_NAME = AppIcon;
				GCC_PREFIX_HEADER = base/PrefixHeader.pch;
				INFOPLIST_FILE = base/Info.plist;
				IPHONEOS_DEPLOYMENT_TARGET = 8.0;
				LD_RUNPATH_SEARCH_PATHS = "$(inherited) @executable_path/Frameworks";
				PRODUCT_BUNDLE_IDENTIFIER = cn.chuangshi.base;
				PRODUCT_NAME = "$(TARGET_NAME)";
			};
			name = Release;
		};
/* End XCBuildConfiguration section */

/* Begin XCConfigurationList section */
		9BA72E361CBDFA9900E3BA61 /* Build configuration list for PBXProject "base" */ = {
			isa = XCConfigurationList;
			buildConfigurations = (
				9BA72E501CBDFA9900E3BA61 /* Debug */,
				9BA72E511CBDFA9900E3BA61 /* Release */,
			);
			defaultConfigurationIsVisible = 0;
			defaultConfigurationName = Release;
		};
		9BA72E521CBDFA9900E3BA61 /* Build configuration list for PBXNativeTarget "base" */ = {
			isa = XCConfigurationList;
			buildConfigurations = (
				9BA72E531CBDFA9900E3BA61 /* Debug */,
				9BA72E541CBDFA9900E3BA61 /* Release */,
			);
			defaultConfigurationIsVisible = 0;
			defaultConfigurationName = Release;
		};
/* End XCConfigurationList section */
	};
	rootObject = 9BA72E331CBDFA9900E3BA61 /* Project object */;
}
